
Microsoft Visual Studio Solution File, Format Version 11.00
# Visual Studio 2010
Project("{FAE04EC0-301F-11D3-BF4B-00C04F79EFBC}") = "AStar", "AStar\AStar.csproj", "{493B4382-6936-4AD0-A7DC-CAB3F91C7BD2}"
EndProject
Global
	GlobalSection(SolutionConfigurationPlatforms) = preSolution
		Debug|Any CPU = Debug|Any CPU
		Release|Any CPU = Release|Any CPU
	EndGlobalSection
	GlobalSection(ProjectConfigurationPlatforms) = postSolution
		{493B4382-6936-4AD0-A7DC-CAB3F91C7BD2}.Debug|Any CPU.ActiveCfg = Debug|Any CPU
		{493B4382-6936-4AD0-A7DC-CAB3F91C7BD2}.Debug|Any CPU.Build.0 = Debug|Any CPU
		{493B4382-6936-4AD0-A7DC-CAB3F91C7BD2}.Release|Any CPU.ActiveCfg = Release|Any CPU
		{493B4382-6936-4AD0-A7DC-CAB3F91C7BD2}.Release|Any CPU.Build.0 = Release|Any CPU
	EndGlobalSection
	GlobalSection(SolutionProperties) = preSolution
		HideSolutionNode = FALSE
	EndGlobalSection
EndGlobal
